// !$*UTF8*$!
{
	archiveVersion = 1;
	classes = {
	};
	objectVersion = 60;
	objects = {

/* Begin PBXBuildFile section */
		AA0000000000000000000201 /* AppCommands.swift in Sources */ = {isa = PBXBuildFile; fileRef = AA0000000000000000000101 /* AppCommands.swift */; };
		AA0000000000000000000202 /* AppState.swift in Sources */ = {isa = PBXBuildFile; fileRef = AA0000000000000000000102 /* AppState.swift */; };
		AA0000000000000000000203 /* ChronoframeApp.swift in Sources */ = {isa = PBXBuildFile; fileRef = AA0000000000000000000103 /* ChronoframeApp.swift */; };
		AA0000000000000000000204 /* CurrentRunView.swift in Sources */ = {isa = PBXBuildFile; fileRef = AA0000000000000000000104 /* CurrentRunView.swift */; };
		AA0000000000000000000205 /* ProfilesView.swift in Sources */ = {isa = PBXBuildFile; fileRef = AA0000000000000000000105 /* ProfilesView.swift */; };
		AA0000000000000000000206 /* RootSplitView.swift in Sources */ = {isa = PBXBuildFile; fileRef = AA0000000000000000000106 /* RootSplitView.swift */; };
		AA0000000000000000000207 /* RunHistoryView.swift in Sources */ = {isa = PBXBuildFile; fileRef = AA0000000000000000000107 /* RunHistoryView.swift */; };
		AA0000000000000000000208 /* SettingsView.swift in Sources */ = {isa = PBXBuildFile; fileRef = AA0000000000000000000108 /* SettingsView.swift */; };
		AA0000000000000000000209 /* SetupView.swift in Sources */ = {isa = PBXBuildFile; fileRef = AA0000000000000000000109 /* SetupView.swift */; };
		AA000000000000000000020A /* SharedViews.swift in Sources */ = {isa = PBXBuildFile; fileRef = AA000000000000000000010A /* SharedViews.swift */; };
		AA000000000000000000020B /* SidebarView.swift in Sources */ = {isa = PBXBuildFile; fileRef = AA000000000000000000010B /* SidebarView.swift */; };
		AA000000000000000000020C /* Exports.swift in Sources */ = {isa = PBXBuildFile; fileRef = AA000000000000000000010C /* Exports.swift */; };
		AA000000000000000000020D /* FinderService.swift in Sources */ = {isa = PBXBuildFile; fileRef = AA000000000000000000010D /* FinderService.swift */; };
		AA000000000000000000020E /* FolderAccessService.swift in Sources */ = {isa = PBXBuildFile; fileRef = AA000000000000000000010E /* FolderAccessService.swift */; };
		AA000000000000000000020F /* OrganizerEngine.swift in Sources */ = {isa = PBXBuildFile; fileRef = AA000000000000000000010F /* OrganizerEngine.swift */; };
		AA0000000000000000000210 /* ProfilesRepository.swift in Sources */ = {isa = PBXBuildFile; fileRef = AA0000000000000000000110 /* ProfilesRepository.swift */; };
		AA0000000000000000000211 /* PythonOrganizerEngine.swift in Sources */ = {isa = PBXBuildFile; fileRef = AA0000000000000000000111 /* PythonOrganizerEngine.swift */; };
		AA0000000000000000000212 /* RunHistoryIndexer.swift in Sources */ = {isa = PBXBuildFile; fileRef = AA0000000000000000000112 /* RunHistoryIndexer.swift */; };
		AA0000000000000000000213 /* HistoryStore.swift in Sources */ = {isa = PBXBuildFile; fileRef = AA0000000000000000000113 /* HistoryStore.swift */; };
		AA0000000000000000000214 /* PreferencesStore.swift in Sources */ = {isa = PBXBuildFile; fileRef = AA0000000000000000000114 /* PreferencesStore.swift */; };
		AA0000000000000000000215 /* RunLogStore.swift in Sources */ = {isa = PBXBuildFile; fileRef = AA0000000000000000000115 /* RunLogStore.swift */; };
		AA0000000000000000000216 /* RunSessionStore.swift in Sources */ = {isa = PBXBuildFile; fileRef = AA0000000000000000000116 /* RunSessionStore.swift */; };
		AA0000000000000000000217 /* SetupStore.swift in Sources */ = {isa = PBXBuildFile; fileRef = AA0000000000000000000117 /* SetupStore.swift */; };
		AA0000000000000000000218 /* RuntimePaths.swift in Sources */ = {isa = PBXBuildFile; fileRef = AA0000000000000000000118 /* RuntimePaths.swift */; };
		AA0000000000000000000219 /* ProfileModels.swift in Sources */ = {isa = PBXBuildFile; fileRef = AA0000000000000000000119 /* ProfileModels.swift */; };
		AA000000000000000000021A /* RunModels.swift in Sources */ = {isa = PBXBuildFile; fileRef = AA000000000000000000011A /* RunModels.swift */; };
		AA000000000000000000021B /* AppIcon.icns in Resources */ = {isa = PBXBuildFile; fileRef = AA0000000000000000000124 /* AppIcon.icns */; };
		AA000000000000000000021C /* AppStateTests.swift in Sources */ = {isa = PBXBuildFile; fileRef = AA0000000000000000000121 /* AppStateTests.swift */; };
		AA000000000000000000021D /* TestSupport.swift in Sources */ = {isa = PBXBuildFile; fileRef = AA0000000000000000000122 /* TestSupport.swift */; };
		AA000000000000000000021E /* ChronoframeUITests.swift in Sources */ = {isa = PBXBuildFile; fileRef = AA0000000000000000000123 /* ChronoframeUITests.swift */; };
		AA000000000000000000021F /* XCTest.framework in Frameworks */ = {isa = PBXBuildFile; fileRef = AA0000000000000000000126 /* XCTest.framework */; };
		AA0000000000000000000220 /* XCTest.framework in Frameworks */ = {isa = PBXBuildFile; fileRef = AA0000000000000000000126 /* XCTest.framework */; };
		AA0000000000000000000221 /* SwiftOrganizerEngine.swift in Sources */ = {isa = PBXBuildFile; fileRef = AA0000000000000000000127 /* SwiftOrganizerEngine.swift */; };
		AA0000000000000000000222 /* BLAKE2bHasher.swift in Sources */ = {isa = PBXBuildFile; fileRef = AA0000000000000000000128 /* BLAKE2bHasher.swift */; };
		AA0000000000000000000223 /* CopyPlanBuilder.swift in Sources */ = {isa = PBXBuildFile; fileRef = AA0000000000000000000129 /* CopyPlanBuilder.swift */; };
		AA0000000000000000000224 /* DryRunPlanner.swift in Sources */ = {isa = PBXBuildFile; fileRef = AA000000000000000000012A /* DryRunPlanner.swift */; };
		AA0000000000000000000225 /* EngineDomainModels.swift in Sources */ = {isa = PBXBuildFile; fileRef = AA000000000000000000012B /* EngineDomainModels.swift */; };
		AA0000000000000000000226 /* FileIdentityHasher.swift in Sources */ = {isa = PBXBuildFile; fileRef = AA000000000000000000012C /* FileIdentityHasher.swift */; };
		AA0000000000000000000227 /* MediaDateResolver.swift in Sources */ = {isa = PBXBuildFile; fileRef = AA000000000000000000012D /* MediaDateResolver.swift */; };
		AA0000000000000000000228 /* MediaDiscovery.swift in Sources */ = {isa = PBXBuildFile; fileRef = AA000000000000000000012E /* MediaDiscovery.swift */; };
		AA0000000000000000000229 /* OrganizerDatabase.swift in Sources */ = {isa = PBXBuildFile; fileRef = AA000000000000000000012F /* OrganizerDatabase.swift */; };
		AA000000000000000000022A /* PlanningPathBuilder.swift in Sources */ = {isa = PBXBuildFile; fileRef = AA0000000000000000000130 /* PlanningPathBuilder.swift */; };
		AA000000000000000000022B /* TransferExecutor.swift in Sources */ = {isa = PBXBuildFile; fileRef = AA0000000000000000000131 /* TransferExecutor.swift */; };
		AA000000000000000000022C /* DesignTokens.swift in Sources */ = {isa = PBXBuildFile; fileRef = AA0000000000000000000132 /* DesignTokens.swift */; };
		AA000000000000000000022D /* AccessibilityTests.swift in Sources */ = {isa = PBXBuildFile; fileRef = AA0000000000000000000133 /* AccessibilityTests.swift */; };
		AA000000000000000000022E /* TransferredSourcesLog.swift in Sources */ = {isa = PBXBuildFile; fileRef = AA0000000000000000000134 /* TransferredSourcesLog.swift */; };
		AA000000000000000000022F /* DroppedItemStager.swift in Sources */ = {isa = PBXBuildFile; fileRef = AA0000000000000000000135 /* DroppedItemStager.swift */; };
		AA0000000000000000000230 /* BookmarkPathResolver.swift in Sources */ = {isa = PBXBuildFile; fileRef = AA0000000000000000000136 /* BookmarkPathResolver.swift */; };
		AA0000000000000000000231 /* HistoryCoordinator.swift in Sources */ = {isa = PBXBuildFile; fileRef = AA0000000000000000000137 /* HistoryCoordinator.swift */; };
		AA0000000000000000000232 /* RunCoordinator.swift in Sources */ = {isa = PBXBuildFile; fileRef = AA0000000000000000000138 /* RunCoordinator.swift */; };
		AA0000000000000000000233 /* SetupCoordinator.swift in Sources */ = {isa = PBXBuildFile; fileRef = AA0000000000000000000139 /* SetupCoordinator.swift */; };
		AA0000000000000000000234 /* UITestAppStateFactory.swift in Sources */ = {isa = PBXBuildFile; fileRef = AA000000000000000000013A /* UITestAppStateFactory.swift */; };
		AA0000000000000000000235 /* UITestDoubles.swift in Sources */ = {isa = PBXBuildFile; fileRef = AA000000000000000000013B /* UITestDoubles.swift */; };
		AA0000000000000000000236 /* UITestScenario.swift in Sources */ = {isa = PBXBuildFile; fileRef = AA000000000000000000013C /* UITestScenario.swift */; };
		AA0000000000000000000237 /* RunSectionViews.swift in Sources */ = {isa = PBXBuildFile; fileRef = AA000000000000000000013D /* RunSectionViews.swift */; };
		AA0000000000000000000238 /* RunWorkspaceModel.swift in Sources */ = {isa = PBXBuildFile; fileRef = AA000000000000000000013E /* RunWorkspaceModel.swift */; };
		AA0000000000000000000239 /* SetupSectionViews.swift in Sources */ = {isa = PBXBuildFile; fileRef = AA000000000000000000013F /* SetupSectionViews.swift */; };
		AA000000000000000000023A /* SetupScreenModel.swift in Sources */ = {isa = PBXBuildFile; fileRef = AA0000000000000000000140 /* SetupScreenModel.swift */; };
		AA000000000000000000023B /* Motion.swift in Sources */ = {isa = PBXBuildFile; fileRef = AA0000000000000000000141 /* Motion.swift */; };
		AA000000000000000000023C /* PathControl.swift in Sources */ = {isa = PBXBuildFile; fileRef = AA0000000000000000000142 /* PathControl.swift */; };
		AA000000000000000000023D /* ContactSheetView.swift in Sources */ = {isa = PBXBuildFile; fileRef = AA0000000000000000000143 /* ContactSheetView.swift */; };
		AA000000000000000000023E /* TickerRow.swift in Sources */ = {isa = PBXBuildFile; fileRef = AA0000000000000000000144 /* TickerRow.swift */; };
		AA000000000000000000023F /* RunTimelineView.swift in Sources */ = {isa = PBXBuildFile; fileRef = AA0000000000000000000145 /* RunTimelineView.swift */; };
		AA0000000000000000000240 /* NowCopyingCard.swift in Sources */ = {isa = PBXBuildFile; fileRef = AA0000000000000000000146 /* NowCopyingCard.swift */; };
			AA0000000000000000000247 /* OnboardingCard.swift in Sources */ = {isa = PBXBuildFile; fileRef = AA0000000000000000000147 /* OnboardingCard.swift */; };
			AA0000000000000000000248 /* HelpView.swift in Sources */ = {isa = PBXBuildFile; fileRef = AA0000000000000000000148 /* HelpView.swift */; };
			AA0000000000000000000249 /* AboutPanel.swift in Sources */ = {isa = PBXBuildFile; fileRef = AA0000000000000000000149 /* AboutPanel.swift */; };
			AA000000000000000000024A /* RunConfiguration+Profiles.swift in Sources */ = {isa = PBXBuildFile; fileRef = AA000000000000000000014A /* RunConfiguration+Profiles.swift */; };
			AA000000000000000000024B /* RevertExecutor.swift in Sources */ = {isa = PBXBuildFile; fileRef = AA000000000000000000014B /* RevertExecutor.swift */; };
			AA000000000000000000024C /* ReorganizeExecutor.swift in Sources */ = {isa = PBXBuildFile; fileRef = AA000000000000000000014C /* ReorganizeExecutor.swift */; };
			AA000000000000000000024D /* UserFacingErrorMessage.swift in Sources */ = {isa = PBXBuildFile; fileRef = AA000000000000000000014D /* UserFacingErrorMessage.swift */; };
		AA000000000000000000024E /* DeduplicateModels.swift in Sources */ = {isa = PBXBuildFile; fileRef = AA0000000000000000000184 /* DeduplicateModels.swift */; };
		AA000000000000000000024F /* DeduplicateScanner.swift in Sources */ = {isa = PBXBuildFile; fileRef = AA0000000000000000000185 /* DeduplicateScanner.swift */; };
		AA0000000000000000000250 /* DeduplicateExecutor.swift in Sources */ = {isa = PBXBuildFile; fileRef = AA0000000000000000000186 /* DeduplicateExecutor.swift */; };
		AA0000000000000000000251 /* DeduplicatePairDetector.swift in Sources */ = {isa = PBXBuildFile; fileRef = AA0000000000000000000187 /* DeduplicatePairDetector.swift */; };
		AA0000000000000000000252 /* DuplicateClusterer.swift in Sources */ = {isa = PBXBuildFile; fileRef = AA0000000000000000000188 /* DuplicateClusterer.swift */; };
		AA0000000000000000000253 /* DedupeFeatureCache.swift in Sources */ = {isa = PBXBuildFile; fileRef = AA0000000000000000000189 /* DedupeFeatureCache.swift */; };
		AA0000000000000000000254 /* PerceptualHash.swift in Sources */ = {isa = PBXBuildFile; fileRef = AA000000000000000000018A /* PerceptualHash.swift */; };
		AA0000000000000000000255 /* VisionFeaturePrinter.swift in Sources */ = {isa = PBXBuildFile; fileRef = AA000000000000000000018B /* VisionFeaturePrinter.swift */; };
		AA0000000000000000000256 /* PhotoQualityScorer.swift in Sources */ = {isa = PBXBuildFile; fileRef = AA000000000000000000018C /* PhotoQualityScorer.swift */; };
		AA0000000000000000000257 /* DeduplicateEngine.swift in Sources */ = {isa = PBXBuildFile; fileRef = AA000000000000000000018D /* DeduplicateEngine.swift */; };
		AA0000000000000000000258 /* DeduplicateSessionStore.swift in Sources */ = {isa = PBXBuildFile; fileRef = AA000000000000000000018E /* DeduplicateSessionStore.swift */; };
		AA0000000000000000000259 /* OrganizeContainerView.swift in Sources */ = {isa = PBXBuildFile; fileRef = AA000000000000000000018F /* OrganizeContainerView.swift */; };
		AA000000000000000000025A /* DeduplicateView.swift in Sources */ = {isa = PBXBuildFile; fileRef = AA0000000000000000000190 /* DeduplicateView.swift */; };
		AA000000000000000000025B /* DedupeThumbnailLoader.swift in Sources */ = {isa = PBXBuildFile; fileRef = AA0000000000000000000191 /* DedupeThumbnailLoader.swift */; };
		AA000000000000000000025C /* ClusterListPane.swift in Sources */ = {isa = PBXBuildFile; fileRef = AA0000000000000000000192 /* ClusterListPane.swift */; };
		AA000000000000000000025D /* ClusterDetailPane.swift in Sources */ = {isa = PBXBuildFile; fileRef = AA0000000000000000000193 /* ClusterDetailPane.swift */; };
		AA000000000000000000025E /* DeduplicationPlanner.swift in Sources */ = {isa = PBXBuildFile; fileRef = AA0000000000000000000194 /* DeduplicationPlanner.swift */; };
/* End PBXBuildFile section */

/* Begin PBXContainerItemProxy section */
		AA0000000000000000000711 /* PBXContainerItemProxy */ = {
			isa = PBXContainerItemProxy;
			containerPortal = AA0000000000000000000001 /* Project object */;
			proxyType = 1;
			remoteGlobalIDString = AA0000000000000000000301;
			remoteInfo = ChronoframeApp;
		};
		AA0000000000000000000712 /* PBXContainerItemProxy */ = {
			isa = PBXContainerItemProxy;
			containerPortal = AA0000000000000000000001 /* Project object */;
			proxyType = 1;
			remoteGlobalIDString = AA0000000000000000000301;
			remoteInfo = ChronoframeApp;
		};
/* End PBXContainerItemProxy section */

/* Begin PBXFileReference section */
		AA0000000000000000000101 /* AppCommands.swift */ = {isa = PBXFileReference; lastKnownFileType = sourcecode.swift; path = AppCommands.swift; sourceTree = "<group>"; };
		AA0000000000000000000102 /* AppState.swift */ = {isa = PBXFileReference; lastKnownFileType = sourcecode.swift; path = AppState.swift; sourceTree = "<group>"; };
		AA0000000000000000000103 /* ChronoframeApp.swift */ = {isa = PBXFileReference; lastKnownFileType = sourcecode.swift; path = ChronoframeApp.swift; sourceTree = "<group>"; };
		AA0000000000000000000104 /* CurrentRunView.swift */ = {isa = PBXFileReference; lastKnownFileType = sourcecode.swift; path = CurrentRunView.swift; sourceTree = "<group>"; };
		AA0000000000000000000105 /* ProfilesView.swift */ = {isa = PBXFileReference; lastKnownFileType = sourcecode.swift; path = ProfilesView.swift; sourceTree = "<group>"; };
		AA0000000000000000000106 /* RootSplitView.swift */ = {isa = PBXFileReference; lastKnownFileType = sourcecode.swift; path = RootSplitView.swift; sourceTree = "<group>"; };
		AA0000000000000000000107 /* RunHistoryView.swift */ = {isa = PBXFileReference; lastKnownFileType = sourcecode.swift; path = RunHistoryView.swift; sourceTree = "<group>"; };
		AA0000000000000000000108 /* SettingsView.swift */ = {isa = PBXFileReference; lastKnownFileType = sourcecode.swift; path = SettingsView.swift; sourceTree = "<group>"; };
		AA0000000000000000000109 /* SetupView.swift */ = {isa = PBXFileReference; lastKnownFileType = sourcecode.swift; path = SetupView.swift; sourceTree = "<group>"; };
		AA000000000000000000010A /* SharedViews.swift */ = {isa = PBXFileReference; lastKnownFileType = sourcecode.swift; path = SharedViews.swift; sourceTree = "<group>"; };
		AA000000000000000000010B /* SidebarView.swift */ = {isa = PBXFileReference; lastKnownFileType = sourcecode.swift; path = SidebarView.swift; sourceTree = "<group>"; };
		AA000000000000000000010C /* Exports.swift */ = {isa = PBXFileReference; lastKnownFileType = sourcecode.swift; path = Exports.swift; sourceTree = "<group>"; };
		AA000000000000000000010D /* FinderService.swift */ = {isa = PBXFileReference; lastKnownFileType = sourcecode.swift; path = FinderService.swift; sourceTree = "<group>"; };
		AA000000000000000000010E /* FolderAccessService.swift */ = {isa = PBXFileReference; lastKnownFileType = sourcecode.swift; path = FolderAccessService.swift; sourceTree = "<group>"; };
		AA000000000000000000010F /* OrganizerEngine.swift */ = {isa = PBXFileReference; lastKnownFileType = sourcecode.swift; path = OrganizerEngine.swift; sourceTree = "<group>"; };
		AA0000000000000000000110 /* ProfilesRepository.swift */ = {isa = PBXFileReference; lastKnownFileType = sourcecode.swift; path = ProfilesRepository.swift; sourceTree = "<group>"; };
		AA0000000000000000000111 /* PythonOrganizerEngine.swift */ = {isa = PBXFileReference; lastKnownFileType = sourcecode.swift; path = PythonOrganizerEngine.swift; sourceTree = "<group>"; };
		AA0000000000000000000112 /* RunHistoryIndexer.swift */ = {isa = PBXFileReference; lastKnownFileType = sourcecode.swift; path = RunHistoryIndexer.swift; sourceTree = "<group>"; };
		AA0000000000000000000113 /* HistoryStore.swift */ = {isa = PBXFileReference; lastKnownFileType = sourcecode.swift; path = HistoryStore.swift; sourceTree = "<group>"; };
		AA0000000000000000000114 /* PreferencesStore.swift */ = {isa = PBXFileReference; lastKnownFileType = sourcecode.swift; path = PreferencesStore.swift; sourceTree = "<group>"; };
		AA0000000000000000000115 /* RunLogStore.swift */ = {isa = PBXFileReference; lastKnownFileType = sourcecode.swift; path = RunLogStore.swift; sourceTree = "<group>"; };
		AA0000000000000000000116 /* RunSessionStore.swift */ = {isa = PBXFileReference; lastKnownFileType = sourcecode.swift; path = RunSessionStore.swift; sourceTree = "<group>"; };
		AA0000000000000000000117 /* SetupStore.swift */ = {isa = PBXFileReference; lastKnownFileType = sourcecode.swift; path = SetupStore.swift; sourceTree = "<group>"; };
		AA0000000000000000000118 /* RuntimePaths.swift */ = {isa = PBXFileReference; lastKnownFileType = sourcecode.swift; path = RuntimePaths.swift; sourceTree = "<group>"; };
		AA0000000000000000000119 /* ProfileModels.swift */ = {isa = PBXFileReference; lastKnownFileType = sourcecode.swift; path = ProfileModels.swift; sourceTree = "<group>"; };
		AA000000000000000000011A /* RunModels.swift */ = {isa = PBXFileReference; lastKnownFileType = sourcecode.swift; path = RunModels.swift; sourceTree = "<group>"; };
		AA0000000000000000000121 /* AppStateTests.swift */ = {isa = PBXFileReference; lastKnownFileType = sourcecode.swift; path = AppStateTests.swift; sourceTree = "<group>"; };
		AA0000000000000000000122 /* TestSupport.swift */ = {isa = PBXFileReference; lastKnownFileType = sourcecode.swift; path = TestSupport.swift; sourceTree = "<group>"; };
		AA0000000000000000000123 /* ChronoframeUITests.swift */ = {isa = PBXFileReference; lastKnownFileType = sourcecode.swift; path = ChronoframeUITests.swift; sourceTree = "<group>"; };
		AA0000000000000000000124 /* AppIcon.icns */ = {isa = PBXFileReference; lastKnownFileType = image.icns; path = AppIcon.icns; sourceTree = "<group>"; };
		AA0000000000000000000125 /* Chronoframe.entitlements */ = {isa = PBXFileReference; lastKnownFileType = text.plist.entitlements; path = Chronoframe.entitlements; sourceTree = "<group>"; };
		AA0000000000000000000126 /* XCTest.framework */ = {isa = PBXFileReference; lastKnownFileType = wrapper.framework; name = XCTest.framework; path = Platforms/MacOSX.platform/Developer/Library/Frameworks/XCTest.framework; sourceTree = DEVELOPER_DIR; };
		AA0000000000000000000127 /* SwiftOrganizerEngine.swift */ = {isa = PBXFileReference; lastKnownFileType = sourcecode.swift; path = SwiftOrganizerEngine.swift; sourceTree = "<group>"; };
		AA0000000000000000000128 /* BLAKE2bHasher.swift */ = {isa = PBXFileReference; lastKnownFileType = sourcecode.swift; path = BLAKE2bHasher.swift; sourceTree = "<group>"; };
		AA0000000000000000000129 /* CopyPlanBuilder.swift */ = {isa = PBXFileReference; lastKnownFileType = sourcecode.swift; path = CopyPlanBuilder.swift; sourceTree = "<group>"; };
		AA000000000000000000012A /* DryRunPlanner.swift */ = {isa = PBXFileReference; lastKnownFileType = sourcecode.swift; path = DryRunPlanner.swift; sourceTree = "<group>"; };
		AA000000000000000000012B /* EngineDomainModels.swift */ = {isa = PBXFileReference; lastKnownFileType = sourcecode.swift; path = EngineDomainModels.swift; sourceTree = "<group>"; };
		AA000000000000000000012C /* FileIdentityHasher.swift */ = {isa = PBXFileReference; lastKnownFileType = sourcecode.swift; path = FileIdentityHasher.swift; sourceTree = "<group>"; };
		AA000000000000000000012D /* MediaDateResolver.swift */ = {isa = PBXFileReference; lastKnownFileType = sourcecode.swift; path = MediaDateResolver.swift; sourceTree = "<group>"; };
		AA000000000000000000012E /* MediaDiscovery.swift */ = {isa = PBXFileReference; lastKnownFileType = sourcecode.swift; path = MediaDiscovery.swift; sourceTree = "<group>"; };
		AA000000000000000000012F /* OrganizerDatabase.swift */ = {isa = PBXFileReference; lastKnownFileType = sourcecode.swift; path = OrganizerDatabase.swift; sourceTree = "<group>"; };
		AA0000000000000000000130 /* PlanningPathBuilder.swift */ = {isa = PBXFileReference; lastKnownFileType = sourcecode.swift; path = PlanningPathBuilder.swift; sourceTree = "<group>"; };
		AA0000000000000000000131 /* TransferExecutor.swift */ = {isa = PBXFileReference; lastKnownFileType = sourcecode.swift; path = TransferExecutor.swift; sourceTree = "<group>"; };
		AA0000000000000000000132 /* DesignTokens.swift */ = {isa = PBXFileReference; lastKnownFileType = sourcecode.swift; path = DesignTokens.swift; sourceTree = "<group>"; };
		AA0000000000000000000133 /* AccessibilityTests.swift */ = {isa = PBXFileReference; lastKnownFileType = sourcecode.swift; path = AccessibilityTests.swift; sourceTree = "<group>"; };
		AA0000000000000000000134 /* TransferredSourcesLog.swift */ = {isa = PBXFileReference; lastKnownFileType = sourcecode.swift; path = TransferredSourcesLog.swift; sourceTree = "<group>"; };
		AA0000000000000000000135 /* DroppedItemStager.swift */ = {isa = PBXFileReference; lastKnownFileType = sourcecode.swift; path = DroppedItemStager.swift; sourceTree = "<group>"; };
		AA0000000000000000000136 /* BookmarkPathResolver.swift */ = {isa = PBXFileReference; lastKnownFileType = sourcecode.swift; path = BookmarkPathResolver.swift; sourceTree = "<group>"; };
		AA0000000000000000000137 /* HistoryCoordinator.swift */ = {isa = PBXFileReference; lastKnownFileType = sourcecode.swift; path = HistoryCoordinator.swift; sourceTree = "<group>"; };
		AA0000000000000000000138 /* RunCoordinator.swift */ = {isa = PBXFileReference; lastKnownFileType = sourcecode.swift; path = RunCoordinator.swift; sourceTree = "<group>"; };
		AA0000000000000000000139 /* SetupCoordinator.swift */ = {isa = PBXFileReference; lastKnownFileType = sourcecode.swift; path = SetupCoordinator.swift; sourceTree = "<group>"; };
		AA000000000000000000013A /* UITestAppStateFactory.swift */ = {isa = PBXFileReference; lastKnownFileType = sourcecode.swift; path = UITestAppStateFactory.swift; sourceTree = "<group>"; };
		AA000000000000000000013B /* UITestDoubles.swift */ = {isa = PBXFileReference; lastKnownFileType = sourcecode.swift; path = UITestDoubles.swift; sourceTree = "<group>"; };
		AA000000000000000000013C /* UITestScenario.swift */ = {isa = PBXFileReference; lastKnownFileType = sourcecode.swift; path = UITestScenario.swift; sourceTree = "<group>"; };
		AA000000000000000000013D /* RunSectionViews.swift */ = {isa = PBXFileReference; lastKnownFileType = sourcecode.swift; path = RunSectionViews.swift; sourceTree = "<group>"; };
		AA000000000000000000013E /* RunWorkspaceModel.swift */ = {isa = PBXFileReference; lastKnownFileType = sourcecode.swift; path = RunWorkspaceModel.swift; sourceTree = "<group>"; };
		AA000000000000000000013F /* SetupSectionViews.swift */ = {isa = PBXFileReference; lastKnownFileType = sourcecode.swift; path = SetupSectionViews.swift; sourceTree = "<group>"; };
		AA0000000000000000000140 /* SetupScreenModel.swift */ = {isa = PBXFileReference; lastKnownFileType = sourcecode.swift; path = SetupScreenModel.swift; sourceTree = "<group>"; };
		AA0000000000000000000141 /* Motion.swift */ = {isa = PBXFileReference; lastKnownFileType = sourcecode.swift; path = Motion.swift; sourceTree = "<group>"; };
		AA0000000000000000000142 /* PathControl.swift */ = {isa = PBXFileReference; lastKnownFileType = sourcecode.swift; path = PathControl.swift; sourceTree = "<group>"; };
		AA0000000000000000000143 /* ContactSheetView.swift */ = {isa = PBXFileReference; lastKnownFileType = sourcecode.swift; path = ContactSheetView.swift; sourceTree = "<group>"; };
		AA0000000000000000000144 /* TickerRow.swift */ = {isa = PBXFileReference; lastKnownFileType = sourcecode.swift; path = TickerRow.swift; sourceTree = "<group>"; };
		AA0000000000000000000145 /* RunTimelineView.swift */ = {isa = PBXFileReference; lastKnownFileType = sourcecode.swift; path = RunTimelineView.swift; sourceTree = "<group>"; };
		AA0000000000000000000146 /* NowCopyingCard.swift */ = {isa = PBXFileReference; lastKnownFileType = sourcecode.swift; path = NowCopyingCard.swift; sourceTree = "<group>"; };
			AA0000000000000000000147 /* OnboardingCard.swift */ = {isa = PBXFileReference; lastKnownFileType = sourcecode.swift; path = OnboardingCard.swift; sourceTree = "<group>"; };
			AA0000000000000000000148 /* HelpView.swift */ = {isa = PBXFileReference; lastKnownFileType = sourcecode.swift; path = HelpView.swift; sourceTree = "<group>"; };
			AA0000000000000000000149 /* AboutPanel.swift */ = {isa = PBXFileReference; lastKnownFileType = sourcecode.swift; path = AboutPanel.swift; sourceTree = "<group>"; };
			AA000000000000000000014A /* RunConfiguration+Profiles.swift */ = {isa = PBXFileReference; lastKnownFileType = sourcecode.swift; path = "RunConfiguration+Profiles.swift"; sourceTree = "<group>"; };
			AA000000000000000000014B /* RevertExecutor.swift */ = {isa = PBXFileReference; lastKnownFileType = sourcecode.swift; path = RevertExecutor.swift; sourceTree = "<group>"; };
			AA000000000000000000014C /* ReorganizeExecutor.swift */ = {isa = PBXFileReference; lastKnownFileType = sourcecode.swift; path = ReorganizeExecutor.swift; sourceTree = "<group>"; };
			AA000000000000000000014D /* UserFacingErrorMessage.swift */ = {isa = PBXFileReference; lastKnownFileType = sourcecode.swift; path = UserFacingErrorMessage.swift; sourceTree = "<group>"; };
			AA0000000000000000000181 /* Chronoframe.app */ = {isa = PBXFileReference; explicitFileType = wrapper.application; includeInIndex = 0; path = Chronoframe.app; sourceTree = BUILT_PRODUCTS_DIR; };
			AA0000000000000000000182 /* ChronoframeAppTests.xctest */ = {isa = PBXFileReference; explicitFileType = wrapper.cfbundle; includeInIndex = 0; path = ChronoframeAppTests.xctest; sourceTree = BUILT_PRODUCTS_DIR; };
			AA0000000000000000000183 /* ChronoframeUITests.xctest */ = {isa = PBXFileReference; explicitFileType = wrapper.cfbundle; includeInIndex = 0; path = ChronoframeUITests.xctest; sourceTree = BUILT_PRODUCTS_DIR; };
		AA0000000000000000000184 /* DeduplicateModels.swift */ = {isa = PBXFileReference; lastKnownFileType = sourcecode.swift; path = DeduplicateModels.swift; sourceTree = "<group>"; };
		AA0000000000000000000185 /* DeduplicateScanner.swift */ = {isa = PBXFileReference; lastKnownFileType = sourcecode.swift; path = DeduplicateScanner.swift; sourceTree = "<group>"; };
		AA0000000000000000000186 /* DeduplicateExecutor.swift */ = {isa = PBXFileReference; lastKnownFileType = sourcecode.swift; path = DeduplicateExecutor.swift; sourceTree = "<group>"; };
		AA0000000000000000000187 /* DeduplicatePairDetector.swift */ = {isa = PBXFileReference; lastKnownFileType = sourcecode.swift; path = DeduplicatePairDetector.swift; sourceTree = "<group>"; };
		AA0000000000000000000188 /* DuplicateClusterer.swift */ = {isa = PBXFileReference; lastKnownFileType = sourcecode.swift; path = DuplicateClusterer.swift; sourceTree = "<group>"; };
		AA0000000000000000000189 /* DedupeFeatureCache.swift */ = {isa = PBXFileReference; lastKnownFileType = sourcecode.swift; path = DedupeFeatureCache.swift; sourceTree = "<group>"; };
		AA000000000000000000018A /* PerceptualHash.swift */ = {isa = PBXFileReference; lastKnownFileType = sourcecode.swift; path = PerceptualHash.swift; sourceTree = "<group>"; };
		AA000000000000000000018B /* VisionFeaturePrinter.swift */ = {isa = PBXFileReference; lastKnownFileType = sourcecode.swift; path = VisionFeaturePrinter.swift; sourceTree = "<group>"; };
		AA000000000000000000018C /* PhotoQualityScorer.swift */ = {isa = PBXFileReference; lastKnownFileType = sourcecode.swift; path = PhotoQualityScorer.swift; sourceTree = "<group>"; };
		AA000000000000000000018D /* DeduplicateEngine.swift */ = {isa = PBXFileReference; lastKnownFileType = sourcecode.swift; path = DeduplicateEngine.swift; sourceTree = "<group>"; };
		AA000000000000000000018E /* DeduplicateSessionStore.swift */ = {isa = PBXFileReference; lastKnownFileType = sourcecode.swift; path = DeduplicateSessionStore.swift; sourceTree = "<group>"; };
		AA000000000000000000018F /* OrganizeContainerView.swift */ = {isa = PBXFileReference; lastKnownFileType = sourcecode.swift; path = OrganizeContainerView.swift; sourceTree = "<group>"; };
		AA0000000000000000000190 /* DeduplicateView.swift */ = {isa = PBXFileReference; lastKnownFileType = sourcecode.swift; path = DeduplicateView.swift; sourceTree = "<group>"; };
		AA0000000000000000000191 /* DedupeThumbnailLoader.swift */ = {isa = PBXFileReference; lastKnownFileType = sourcecode.swift; path = DedupeThumbnailLoader.swift; sourceTree = "<group>"; };
		AA0000000000000000000192 /* ClusterListPane.swift */ = {isa = PBXFileReference; lastKnownFileType = sourcecode.swift; path = ClusterListPane.swift; sourceTree = "<group>"; };
		AA0000000000000000000193 /* ClusterDetailPane.swift */ = {isa = PBXFileReference; lastKnownFileType = sourcecode.swift; path = ClusterDetailPane.swift; sourceTree = "<group>"; };
		AA0000000000000000000194 /* DeduplicationPlanner.swift */ = {isa = PBXFileReference; lastKnownFileType = sourcecode.swift; path = DeduplicationPlanner.swift; sourceTree = "<group>"; };
/* End PBXFileReference section */

/* Begin PBXFrameworksBuildPhase section */
		AA0000000000000000000401 /* Frameworks */ = {
			isa = PBXFrameworksBuildPhase;
			buildActionMask = 2147483647;
			files = (
			);
			runOnlyForDeploymentPostprocessing = 0;
		};
		AA0000000000000000000402 /* Frameworks */ = {
			isa = PBXFrameworksBuildPhase;
			buildActionMask = 2147483647;
			files = (
				AA000000000000000000021F /* XCTest.framework in Frameworks */,
			);
			runOnlyForDeploymentPostprocessing = 0;
		};
		AA0000000000000000000403 /* Frameworks */ = {
			isa = PBXFrameworksBuildPhase;
			buildActionMask = 2147483647;
			files = (
				AA0000000000000000000220 /* XCTest.framework in Frameworks */,
			);
			runOnlyForDeploymentPostprocessing = 0;
		};
/* End PBXFrameworksBuildPhase section */

/* Begin PBXGroup section */
		AA0000000000000000000002 = {
			isa = PBXGroup;
			children = (
				AA0000000000000000000010 /* Sources */,
				AA0000000000000000000019 /* Tests */,
				AA000000000000000000001B /* Xcode */,
				AA000000000000000000001D /* Resources */,
				AA000000000000000000001E /* Packaging */,
				AA0000000000000000000003 /* Products */,
			);
			sourceTree = "<group>";
		};
		AA0000000000000000000003 /* Products */ = {
			isa = PBXGroup;
			children = (
				AA0000000000000000000181 /* Chronoframe.app */,
				AA0000000000000000000182 /* ChronoframeAppTests.xctest */,
				AA0000000000000000000183 /* ChronoframeUITests.xctest */,
			);
			name = Products;
			sourceTree = "<group>";
		};
		AA0000000000000000000010 /* Sources */ = {
			isa = PBXGroup;
			children = (
				AA0000000000000000000011 /* ChronoframeApp */,
				AA0000000000000000000014 /* ChronoframeAppCore */,
				AA0000000000000000000018 /* ChronoframeCore */,
			);
			path = Sources;
			sourceTree = "<group>";
		};
		AA0000000000000000000011 /* ChronoframeApp */ = {
			isa = PBXGroup;
			children = (
				AA0000000000000000000012 /* App */,
				AA0000000000000000000013 /* Views */,
			);
			path = ChronoframeApp;
			sourceTree = "<group>";
		};
		AA0000000000000000000012 /* App */ = {
			isa = PBXGroup;
			children = (
				AA0000000000000000000149 /* AboutPanel.swift */,
				AA0000000000000000000101 /* AppCommands.swift */,
				AA0000000000000000000102 /* AppState.swift */,
				AA0000000000000000000103 /* ChronoframeApp.swift */,
				AA0000000000000000000132 /* DesignTokens.swift */,
				AA0000000000000000000141 /* Motion.swift */,
				AA000000000000000000001F /* Coordinators */,
				AA0000000000000000000020 /* UITesting */,
			);
			path = App;
			sourceTree = "<group>";
		};
		AA0000000000000000000013 /* Views */ = {
			isa = PBXGroup;
			children = (
				AA0000000000000000000105 /* ProfilesView.swift */,
				AA0000000000000000000106 /* RootSplitView.swift */,
				AA0000000000000000000107 /* RunHistoryView.swift */,
				AA0000000000000000000108 /* SettingsView.swift */,
				AA000000000000000000010A /* SharedViews.swift */,
				AA000000000000000000010B /* SidebarView.swift */,
				AA0000000000000000000023 /* Components */,
				AA0000000000000000000024 /* Help */,
				AA0000000000000000000022 /* Setup */,
				AA0000000000000000000021 /* Run */,
				AA0000000000000000000025 /* Organize */,
				AA0000000000000000000026 /* Deduplicate */,
			);
			path = Views;
			sourceTree = "<group>";
		};
		AA0000000000000000000024 /* Help */ = {
			isa = PBXGroup;
			children = (
				AA0000000000000000000148 /* HelpView.swift */,
			);
			path = Help;
			sourceTree = "<group>";
		};
		AA0000000000000000000023 /* Components */ = {
			isa = PBXGroup;
			children = (
				AA0000000000000000000142 /* PathControl.swift */,
				AA0000000000000000000143 /* ContactSheetView.swift */,
				AA0000000000000000000144 /* TickerRow.swift */,
				AA0000000000000000000147 /* OnboardingCard.swift */,
			);
			path = Components;
			sourceTree = "<group>";
		};
		AA000000000000000000001F /* Coordinators */ = {
			isa = PBXGroup;
			children = (
				AA0000000000000000000136 /* BookmarkPathResolver.swift */,
				AA0000000000000000000137 /* HistoryCoordinator.swift */,
				AA0000000000000000000138 /* RunCoordinator.swift */,
				AA0000000000000000000139 /* SetupCoordinator.swift */,
			);
			path = Coordinators;
			sourceTree = "<group>";
		};
		AA0000000000000000000020 /* UITesting */ = {
			isa = PBXGroup;
			children = (
				AA000000000000000000013A /* UITestAppStateFactory.swift */,
				AA000000000000000000013B /* UITestDoubles.swift */,
				AA000000000000000000013C /* UITestScenario.swift */,
			);
			path = UITesting;
			sourceTree = "<group>";
		};
		AA0000000000000000000021 /* Run */ = {
			isa = PBXGroup;
			children = (
				AA0000000000000000000104 /* CurrentRunView.swift */,
				AA000000000000000000013D /* RunSectionViews.swift */,
				AA000000000000000000013E /* RunWorkspaceModel.swift */,
				AA0000000000000000000145 /* RunTimelineView.swift */,
				AA0000000000000000000146 /* NowCopyingCard.swift */,
			);
			path = Run;
			sourceTree = "<group>";
		};
		AA0000000000000000000022 /* Setup */ = {
			isa = PBXGroup;
			children = (
				AA0000000000000000000109 /* SetupView.swift */,
				AA000000000000000000013F /* SetupSectionViews.swift */,
				AA0000000000000000000140 /* SetupScreenModel.swift */,
			);
			path = Setup;
			sourceTree = "<group>";
		};
		AA0000000000000000000014 /* ChronoframeAppCore */ = {
			isa = PBXGroup;
			children = (
				AA000000000000000000010C /* Exports.swift */,
				AA0000000000000000000015 /* Services */,
				AA0000000000000000000016 /* Stores */,
				AA0000000000000000000017 /* Support */,
			);
			path = ChronoframeAppCore;
			sourceTree = "<group>";
		};
		AA0000000000000000000015 /* Services */ = {
			isa = PBXGroup;
			children = (
				AA000000000000000000010D /* FinderService.swift */,
				AA000000000000000000010E /* FolderAccessService.swift */,
				AA000000000000000000010F /* OrganizerEngine.swift */,
				AA0000000000000000000110 /* ProfilesRepository.swift */,
				AA0000000000000000000111 /* PythonOrganizerEngine.swift */,
				AA0000000000000000000127 /* SwiftOrganizerEngine.swift */,
				AA0000000000000000000112 /* RunHistoryIndexer.swift */,
				AA0000000000000000000134 /* TransferredSourcesLog.swift */,
				AA0000000000000000000135 /* DroppedItemStager.swift */,
				AA000000000000000000018D /* DeduplicateEngine.swift */,

			);
			path = Services;
			sourceTree = "<group>";
		};
		AA0000000000000000000016 /* Stores */ = {
			isa = PBXGroup;
			children = (
				AA0000000000000000000113 /* HistoryStore.swift */,
				AA0000000000000000000114 /* PreferencesStore.swift */,
				AA0000000000000000000115 /* RunLogStore.swift */,
				AA0000000000000000000116 /* RunSessionStore.swift */,
				AA0000000000000000000117 /* SetupStore.swift */,
				AA000000000000000000018E /* DeduplicateSessionStore.swift */,

			);
			path = Stores;
			sourceTree = "<group>";
		};
			AA0000000000000000000017 /* Support */ = {
				isa = PBXGroup;
				children = (
					AA000000000000000000014A /* RunConfiguration+Profiles.swift */,
					AA0000000000000000000118 /* RuntimePaths.swift */,
					AA000000000000000000014D /* UserFacingErrorMessage.swift */,
				);
				path = Support;
				sourceTree = "<group>";
			};
		AA0000000000000000000018 /* ChronoframeCore */ = {
			isa = PBXGroup;
			children = (
				AA0000000000000000000128 /* BLAKE2bHasher.swift */,
				AA0000000000000000000129 /* CopyPlanBuilder.swift */,
				AA000000000000000000012A /* DryRunPlanner.swift */,
				AA000000000000000000012B /* EngineDomainModels.swift */,
				AA000000000000000000012C /* FileIdentityHasher.swift */,
				AA000000000000000000012D /* MediaDateResolver.swift */,
				AA000000000000000000012E /* MediaDiscovery.swift */,
					AA000000000000000000012F /* OrganizerDatabase.swift */,
					AA0000000000000000000130 /* PlanningPathBuilder.swift */,
					AA0000000000000000000119 /* ProfileModels.swift */,
					AA000000000000000000014C /* ReorganizeExecutor.swift */,
					AA000000000000000000014B /* RevertExecutor.swift */,
					AA000000000000000000011A /* RunModels.swift */,
					AA0000000000000000000131 /* TransferExecutor.swift */,
				AA0000000000000000000184 /* DeduplicateModels.swift */,
				AA0000000000000000000185 /* DeduplicateScanner.swift */,
				AA0000000000000000000186 /* DeduplicateExecutor.swift */,
				AA0000000000000000000187 /* DeduplicatePairDetector.swift */,
				AA0000000000000000000188 /* DuplicateClusterer.swift */,
				AA0000000000000000000189 /* DedupeFeatureCache.swift */,
				AA000000000000000000018A /* PerceptualHash.swift */,
				AA000000000000000000018B /* VisionFeaturePrinter.swift */,
				AA000000000000000000018C /* PhotoQualityScorer.swift */,
				AA0000000000000000000194 /* DeduplicationPlanner.swift */,

				);
				path = ChronoframeCore;
			sourceTree = "<group>";
		};
		AA0000000000000000000019 /* Tests */ = {
			isa = PBXGroup;
			children = (
				AA000000000000000000001A /* ChronoframeAppTests */,
			);
			path = Tests;
			sourceTree = "<group>";
		};
		AA000000000000000000001A /* ChronoframeAppTests */ = {
			isa = PBXGroup;
			children = (
				AA0000000000000000000121 /* AppStateTests.swift */,
				AA0000000000000000000122 /* TestSupport.swift */,
				AA0000000000000000000133 /* AccessibilityTests.swift */,
			);
			path = ChronoframeAppTests;
			sourceTree = "<group>";
		};
		AA000000000000000000001B /* Xcode */ = {
			isa = PBXGroup;
			children = (
				AA000000000000000000001C /* UITests */,
			);
			path = Xcode;
			sourceTree = "<group>";
		};
		AA000000000000000000001C /* UITests */ = {
			isa = PBXGroup;
			children = (
				AA0000000000000000000123 /* ChronoframeUITests.swift */,
			);
			path = UITests;
			sourceTree = "<group>";
		};
		AA000000000000000000001D /* Resources */ = {
			isa = PBXGroup;
			children = (
				AA0000000000000000000124 /* AppIcon.icns */,
			);
			path = Resources;
			sourceTree = "<group>";
		};
		AA000000000000000000001E /* Packaging */ = {
			isa = PBXGroup;
			children = (
				AA0000000000000000000125 /* Chronoframe.entitlements */,
			);
			path = Packaging;
			sourceTree = "<group>";
		};
		AA0000000000000000000025 /* Organize */ = {
			isa = PBXGroup;
			children = (

				AA000000000000000000018F /* OrganizeContainerView.swift */,
			);
			path = Organize;
			sourceTree = "<group>";
		};
		AA0000000000000000000026 /* Deduplicate */ = {
			isa = PBXGroup;
			children = (

				AA0000000000000000000190 /* DeduplicateView.swift */,
				AA0000000000000000000191 /* DedupeThumbnailLoader.swift */,
				AA0000000000000000000192 /* ClusterListPane.swift */,
				AA0000000000000000000193 /* ClusterDetailPane.swift */,
			);
			path = Deduplicate;
			sourceTree = "<group>";
		};
/* End PBXGroup section */

/* Begin PBXNativeTarget section */
		AA0000000000000000000301 /* ChronoframeApp */ = {
			isa = PBXNativeTarget;
			buildConfigurationList = AA0000000000000000000502 /* Build configuration list for PBXNativeTarget "ChronoframeApp" */;
			buildPhases = (
				AA0000000000000000000401 /* Frameworks */,
				AA0000000000000000000411 /* Sources */,
				AA0000000000000000000421 /* Resources */,
				AA0000000000000000000431 /* Copy Python Backend */,
			);
			buildRules = (
			);
			dependencies = (
			);
			name = ChronoframeApp;
			productName = Chronoframe;
			productReference = AA0000000000000000000181 /* Chronoframe.app */;
			productType = "com.apple.product-type.application";
		};
		AA0000000000000000000302 /* ChronoframeAppTests */ = {
			isa = PBXNativeTarget;
			buildConfigurationList = AA0000000000000000000503 /* Build configuration list for PBXNativeTarget "ChronoframeAppTests" */;
			buildPhases = (
				AA0000000000000000000402 /* Frameworks */,
				AA0000000000000000000412 /* Sources */,
			);
			buildRules = (
			);
			dependencies = (
				AA0000000000000000000701 /* PBXTargetDependency */,
			);
			name = ChronoframeAppTests;
			productName = ChronoframeAppTests;
			productReference = AA0000000000000000000182 /* ChronoframeAppTests.xctest */;
			productType = "com.apple.product-type.bundle.unit-test";
		};
		AA0000000000000000000303 /* ChronoframeUITests */ = {
			isa = PBXNativeTarget;
			buildConfigurationList = AA0000000000000000000504 /* Build configuration list for PBXNativeTarget "ChronoframeUITests" */;
			buildPhases = (
				AA0000000000000000000403 /* Frameworks */,
				AA0000000000000000000413 /* Sources */,
			);
			buildRules = (
			);
			dependencies = (
				AA0000000000000000000702 /* PBXTargetDependency */,
			);
			name = ChronoframeUITests;
			productName = ChronoframeUITests;
			productReference = AA0000000000000000000183 /* ChronoframeUITests.xctest */;
			productType = "com.apple.product-type.bundle.ui-testing";
		};
/* End PBXNativeTarget section */

/* Begin PBXProject section */
		AA0000000000000000000001 /* Project object */ = {
			isa = PBXProject;
			attributes = {
				LastSwiftUpdateCheck = 1640;
				LastUpgradeCheck = 1640;
				TargetAttributes = {
					AA0000000000000000000301 = {
						CreatedOnToolsVersion = 26.4;
					};
					AA0000000000000000000302 = {
						CreatedOnToolsVersion = 26.4;
						TestTargetID = AA0000000000000000000301;
					};
					AA0000000000000000000303 = {
						CreatedOnToolsVersion = 26.4;
						TestTargetID = AA0000000000000000000301;
					};
				};
			};
			buildConfigurationList = AA0000000000000000000501 /* Build configuration list for PBXProject "Chronoframe" */;
			compatibilityVersion = "Xcode 15.0";
			developmentRegion = en;
			hasScannedForEncodings = 0;
			knownRegions = (
				en,
				Base,
			);
			mainGroup = AA0000000000000000000002;
			productRefGroup = AA0000000000000000000003 /* Products */;
			projectDirPath = "";
			projectRoot = "";
			targets = (
				AA0000000000000000000301 /* ChronoframeApp */,
				AA0000000000000000000302 /* ChronoframeAppTests */,
				AA0000000000000000000303 /* ChronoframeUITests */,
			);
		};
/* End PBXProject section */

/* Begin PBXResourcesBuildPhase section */
		AA0000000000000000000421 /* Resources */ = {
			isa = PBXResourcesBuildPhase;
			buildActionMask = 2147483647;
			files = (
				AA000000000000000000021B /* AppIcon.icns in Resources */,
			);
			runOnlyForDeploymentPostprocessing = 0;
		};
/* End PBXResourcesBuildPhase section */

/* Begin PBXShellScriptBuildPhase section */
		AA0000000000000000000431 /* Copy Python Backend */ = {
			isa = PBXShellScriptBuildPhase;
			buildActionMask = 2147483647;
			files = (
			);
			inputPaths = (
				"$(PROJECT_DIR)/../chronoframe.py",
				"$(PROJECT_DIR)/../requirements.txt",
				"$(PROJECT_DIR)/../chronoframe",
			);
			name = "Copy Python Backend";
			outputPaths = (
				"$(TARGET_BUILD_DIR)/$(UNLOCALIZED_RESOURCES_FOLDER_PATH)/Backend/chronoframe.py",
				"$(TARGET_BUILD_DIR)/$(UNLOCALIZED_RESOURCES_FOLDER_PATH)/Backend/requirements.txt",
				"$(TARGET_BUILD_DIR)/$(UNLOCALIZED_RESOURCES_FOLDER_PATH)/Backend/chronoframe",
			);
			runOnlyForDeploymentPostprocessing = 0;
			shellPath = /bin/sh;
			shellScript = "set -euo pipefail\nBACKEND_DIR=\"$TARGET_BUILD_DIR/$UNLOCALIZED_RESOURCES_FOLDER_PATH/Backend\"\nREPO_ROOT=\"$PROJECT_DIR/..\"\nrm -rf \"$BACKEND_DIR\"\nmkdir -p \"$BACKEND_DIR\"\ncp \"$REPO_ROOT/chronoframe.py\" \"$BACKEND_DIR/\"\ncp \"$REPO_ROOT/requirements.txt\" \"$BACKEND_DIR/\"\nditto \"$REPO_ROOT/chronoframe\" \"$BACKEND_DIR/chronoframe\"\nfind \"$BACKEND_DIR/chronoframe\" -type d -name __pycache__ -prune -exec rm -rf {} +\n";
		};
/* End PBXShellScriptBuildPhase section */

/* Begin PBXSourcesBuildPhase section */
		AA0000000000000000000411 /* Sources */ = {
			isa = PBXSourcesBuildPhase;
			buildActionMask = 2147483647;
			files = (
				AA0000000000000000000201 /* AppCommands.swift in Sources */,
				AA0000000000000000000202 /* AppState.swift in Sources */,
				AA0000000000000000000203 /* ChronoframeApp.swift in Sources */,
				AA0000000000000000000204 /* CurrentRunView.swift in Sources */,
				AA0000000000000000000205 /* ProfilesView.swift in Sources */,
				AA0000000000000000000206 /* RootSplitView.swift in Sources */,
				AA0000000000000000000207 /* RunHistoryView.swift in Sources */,
				AA0000000000000000000208 /* SettingsView.swift in Sources */,
				AA0000000000000000000209 /* SetupView.swift in Sources */,
				AA000000000000000000020A /* SharedViews.swift in Sources */,
				AA000000000000000000020B /* SidebarView.swift in Sources */,
				AA000000000000000000020C /* Exports.swift in Sources */,
				AA000000000000000000020D /* FinderService.swift in Sources */,
				AA000000000000000000020E /* FolderAccessService.swift in Sources */,
				AA000000000000000000020F /* OrganizerEngine.swift in Sources */,
				AA0000000000000000000210 /* ProfilesRepository.swift in Sources */,
				AA0000000000000000000211 /* PythonOrganizerEngine.swift in Sources */,
				AA0000000000000000000221 /* SwiftOrganizerEngine.swift in Sources */,
				AA0000000000000000000212 /* RunHistoryIndexer.swift in Sources */,
				AA000000000000000000022E /* TransferredSourcesLog.swift in Sources */,
				AA000000000000000000022F /* DroppedItemStager.swift in Sources */,
				AA0000000000000000000230 /* BookmarkPathResolver.swift in Sources */,
				AA0000000000000000000231 /* HistoryCoordinator.swift in Sources */,
				AA0000000000000000000232 /* RunCoordinator.swift in Sources */,
				AA0000000000000000000233 /* SetupCoordinator.swift in Sources */,
				AA0000000000000000000234 /* UITestAppStateFactory.swift in Sources */,
				AA0000000000000000000235 /* UITestDoubles.swift in Sources */,
				AA0000000000000000000236 /* UITestScenario.swift in Sources */,
				AA0000000000000000000213 /* HistoryStore.swift in Sources */,
				AA0000000000000000000214 /* PreferencesStore.swift in Sources */,
				AA0000000000000000000215 /* RunLogStore.swift in Sources */,
					AA0000000000000000000216 /* RunSessionStore.swift in Sources */,
					AA0000000000000000000217 /* SetupStore.swift in Sources */,
					AA000000000000000000024A /* RunConfiguration+Profiles.swift in Sources */,
					AA0000000000000000000218 /* RuntimePaths.swift in Sources */,
					AA000000000000000000024D /* UserFacingErrorMessage.swift in Sources */,
					AA0000000000000000000237 /* RunSectionViews.swift in Sources */,
					AA0000000000000000000238 /* RunWorkspaceModel.swift in Sources */,
					AA0000000000000000000239 /* SetupSectionViews.swift in Sources */,
				AA000000000000000000023A /* SetupScreenModel.swift in Sources */,
				AA0000000000000000000222 /* BLAKE2bHasher.swift in Sources */,
				AA0000000000000000000223 /* CopyPlanBuilder.swift in Sources */,
				AA0000000000000000000224 /* DryRunPlanner.swift in Sources */,
				AA0000000000000000000225 /* EngineDomainModels.swift in Sources */,
				AA0000000000000000000226 /* FileIdentityHasher.swift in Sources */,
				AA0000000000000000000227 /* MediaDateResolver.swift in Sources */,
				AA0000000000000000000228 /* MediaDiscovery.swift in Sources */,
				AA0000000000000000000229 /* OrganizerDatabase.swift in Sources */,
					AA000000000000000000022A /* PlanningPathBuilder.swift in Sources */,
					AA0000000000000000000219 /* ProfileModels.swift in Sources */,
					AA000000000000000000024C /* ReorganizeExecutor.swift in Sources */,
					AA000000000000000000024B /* RevertExecutor.swift in Sources */,
					AA000000000000000000021A /* RunModels.swift in Sources */,
					AA000000000000000000022B /* TransferExecutor.swift in Sources */,
					AA000000000000000000022C /* DesignTokens.swift in Sources */,
				AA0000000000000000000249 /* AboutPanel.swift in Sources */,
				AA000000000000000000023B /* Motion.swift in Sources */,
				AA000000000000000000023C /* PathControl.swift in Sources */,
				AA000000000000000000023D /* ContactSheetView.swift in Sources */,
				AA000000000000000000023E /* TickerRow.swift in Sources */,
				AA000000000000000000023F /* RunTimelineView.swift in Sources */,
				AA0000000000000000000240 /* NowCopyingCard.swift in Sources */,
				AA0000000000000000000247 /* OnboardingCard.swift in Sources */,
				AA0000000000000000000248 /* HelpView.swift in Sources */,
				AA000000000000000000024E /* DeduplicateModels.swift in Sources */,
				AA000000000000000000024F /* DeduplicateScanner.swift in Sources */,
				AA0000000000000000000250 /* DeduplicateExecutor.swift in Sources */,
				AA0000000000000000000251 /* DeduplicatePairDetector.swift in Sources */,
				AA0000000000000000000252 /* DuplicateClusterer.swift in Sources */,
				AA0000000000000000000253 /* DedupeFeatureCache.swift in Sources */,
				AA0000000000000000000254 /* PerceptualHash.swift in Sources */,
				AA0000000000000000000255 /* VisionFeaturePrinter.swift in Sources */,
				AA0000000000000000000256 /* PhotoQualityScorer.swift in Sources */,
				AA000000000000000000025E /* DeduplicationPlanner.swift in Sources */,
				AA0000000000000000000257 /* DeduplicateEngine.swift in Sources */,
				AA0000000000000000000258 /* DeduplicateSessionStore.swift in Sources */,
				AA0000000000000000000259 /* OrganizeContainerView.swift in Sources */,
				AA000000000000000000025A /* DeduplicateView.swift in Sources */,
				AA000000000000000000025B /* DedupeThumbnailLoader.swift in Sources */,
				AA000000000000000000025C /* ClusterListPane.swift in Sources */,
				AA000000000000000000025D /* ClusterDetailPane.swift in Sources */,

			);
			runOnlyForDeploymentPostprocessing = 0;
		};
		AA0000000000000000000412 /* Sources */ = {
			isa = PBXSourcesBuildPhase;
			buildActionMask = 2147483647;
			files = (
				AA000000000000000000021C /* AppStateTests.swift in Sources */,
				AA000000000000000000021D /* TestSupport.swift in Sources */,
				AA000000000000000000022D /* AccessibilityTests.swift in Sources */,
			);
			runOnlyForDeploymentPostprocessing = 0;
		};
		AA0000000000000000000413 /* Sources */ = {
			isa = PBXSourcesBuildPhase;
			buildActionMask = 2147483647;
			files = (
				AA000000000000000000021E /* ChronoframeUITests.swift in Sources */,
			);
			runOnlyForDeploymentPostprocessing = 0;
		};
/* End PBXSourcesBuildPhase section */

/* Begin PBXTargetDependency section */
		AA0000000000000000000701 /* PBXTargetDependency */ = {
			isa = PBXTargetDependency;
			target = AA0000000000000000000301 /* ChronoframeApp */;
			targetProxy = AA0000000000000000000711 /* PBXContainerItemProxy */;
		};
		AA0000000000000000000702 /* PBXTargetDependency */ = {
			isa = PBXTargetDependency;
			target = AA0000000000000000000301 /* ChronoframeApp */;
			targetProxy = AA0000000000000000000712 /* PBXContainerItemProxy */;
		};
/* End PBXTargetDependency section */

/* Begin XCBuildConfiguration section */
		AA0000000000000000000601 /* Debug */ = {
			isa = XCBuildConfiguration;
			buildSettings = {
				ALWAYS_SEARCH_USER_PATHS = NO;
				CLANG_ANALYZER_NONNULL = YES;
				CLANG_ANALYZER_NUMBER_OBJECT_CONVERSION = YES_AGGRESSIVE;
				CLANG_CXX_LANGUAGE_STANDARD = "gnu++20";
				CLANG_ENABLE_MODULES = YES;
				CLANG_ENABLE_OBJC_ARC = YES;
				COPY_PHASE_STRIP = NO;
				DEBUG_INFORMATION_FORMAT = dwarf;
				ENABLE_STRICT_OBJC_MSGSEND = YES;
				GCC_C_LANGUAGE_STANDARD = gnu17;
				MACOSX_DEPLOYMENT_TARGET = 13.0;
				ONLY_ACTIVE_ARCH = YES;
				SDKROOT = macosx;
				SWIFT_VERSION = 6.0;
			};
			name = Debug;
		};
		AA0000000000000000000602 /* Release */ = {
			isa = XCBuildConfiguration;
			buildSettings = {
				ALWAYS_SEARCH_USER_PATHS = NO;
				CLANG_ANALYZER_NONNULL = YES;
				CLANG_ANALYZER_NUMBER_OBJECT_CONVERSION = YES_AGGRESSIVE;
				CLANG_CXX_LANGUAGE_STANDARD = "gnu++20";
				CLANG_ENABLE_MODULES = YES;
				CLANG_ENABLE_OBJC_ARC = YES;
				COPY_PHASE_STRIP = NO;
				DEBUG_INFORMATION_FORMAT = "dwarf-with-dsym";
				ENABLE_STRICT_OBJC_MSGSEND = YES;
				GCC_C_LANGUAGE_STANDARD = gnu17;
				MACOSX_DEPLOYMENT_TARGET = 13.0;
				SDKROOT = macosx;
				SWIFT_VERSION = 6.0;
			};
			name = Release;
		};
		AA0000000000000000000611 /* Debug */ = {
			isa = XCBuildConfiguration;
			buildSettings = {
				CODE_SIGN_ENTITLEMENTS = Packaging/Chronoframe.entitlements;
				CODE_SIGN_STYLE = Automatic;
				CURRENT_PROJECT_VERSION = 3;
				ENABLE_TESTABILITY = YES;
				ENABLE_HARDENED_RUNTIME = YES;
				GENERATE_INFOPLIST_FILE = NO;
				INFOPLIST_FILE = Packaging/Chronoframe-Info.plist;
				LD_RUNPATH_SEARCH_PATHS = (
					"$(inherited)",
					"@executable_path/../Frameworks",
				);
				MACOSX_DEPLOYMENT_TARGET = 13.0;
				MARKETING_VERSION = 3.0;
				ONLY_ACTIVE_ARCH = YES;
				OTHER_LDFLAGS = (
					"$(inherited)",
					"-lsqlite3",
				);
				PRODUCT_BUNDLE_IDENTIFIER = com.nishith.chronoframe;
				PRODUCT_MODULE_NAME = ChronoframeApp;
				PRODUCT_NAME = Chronoframe;
				SWIFT_EMIT_LOC_STRINGS = NO;
				SWIFT_VERSION = 6.0;
			};
			name = Debug;
		};
		AA0000000000000000000612 /* Release */ = {
			isa = XCBuildConfiguration;
			buildSettings = {
				CODE_SIGN_ENTITLEMENTS = Packaging/Chronoframe.entitlements;
				CODE_SIGN_STYLE = Automatic;
				CURRENT_PROJECT_VERSION = 3;
				ENABLE_HARDENED_RUNTIME = YES;
				GENERATE_INFOPLIST_FILE = NO;
				INFOPLIST_FILE = Packaging/Chronoframe-Info.plist;
				LD_RUNPATH_SEARCH_PATHS = (
					"$(inherited)",
					"@executable_path/../Frameworks",
				);
				MACOSX_DEPLOYMENT_TARGET = 13.0;
				MARKETING_VERSION = 3.0;
				OTHER_LDFLAGS = (
					"$(inherited)",
					"-lsqlite3",
				);
				PRODUCT_BUNDLE_IDENTIFIER = com.nishith.chronoframe;
				PRODUCT_MODULE_NAME = ChronoframeApp;
				PRODUCT_NAME = Chronoframe;
				SWIFT_EMIT_LOC_STRINGS = NO;
				SWIFT_VERSION = 6.0;
			};
			name = Release;
		};
		AA0000000000000000000621 /* Debug */ = {
			isa = XCBuildConfiguration;
			buildSettings = {
				BUNDLE_LOADER = "$(TEST_HOST)";
				CODE_SIGN_STYLE = Automatic;
				GENERATE_INFOPLIST_FILE = YES;
				LD_RUNPATH_SEARCH_PATHS = (
					"$(inherited)",
					"@executable_path/../Frameworks",
					"@loader_path/../Frameworks",
				);
				MACOSX_DEPLOYMENT_TARGET = 13.0;
				ONLY_ACTIVE_ARCH = YES;
				PRODUCT_BUNDLE_IDENTIFIER = com.nishith.chronoframe.tests;
				PRODUCT_NAME = "$(TARGET_NAME)";
				SWIFT_VERSION = 6.0;
				TEST_HOST = "$(BUILT_PRODUCTS_DIR)/Chronoframe.app/Contents/MacOS/Chronoframe";
				TEST_TARGET_NAME = ChronoframeApp;
			};
			name = Debug;
		};
		AA0000000000000000000622 /* Release */ = {
			isa = XCBuildConfiguration;
			buildSettings = {
				BUNDLE_LOADER = "$(TEST_HOST)";
				CODE_SIGN_STYLE = Automatic;
				GENERATE_INFOPLIST_FILE = YES;
				LD_RUNPATH_SEARCH_PATHS = (
					"$(inherited)",
					"@executable_path/../Frameworks",
					"@loader_path/../Frameworks",
				);
				MACOSX_DEPLOYMENT_TARGET = 13.0;
				PRODUCT_BUNDLE_IDENTIFIER = com.nishith.chronoframe.tests;
				PRODUCT_NAME = "$(TARGET_NAME)";
				SWIFT_VERSION = 6.0;
				TEST_HOST = "$(BUILT_PRODUCTS_DIR)/Chronoframe.app/Contents/MacOS/Chronoframe";
				TEST_TARGET_NAME = ChronoframeApp;
			};
			name = Release;
		};
		AA0000000000000000000631 /* Debug */ = {
			isa = XCBuildConfiguration;
			buildSettings = {
				CODE_SIGN_STYLE = Automatic;
				GENERATE_INFOPLIST_FILE = YES;
				LD_RUNPATH_SEARCH_PATHS = (
					"$(inherited)",
					"@executable_path/../Frameworks",
					"@loader_path/../Frameworks",
				);
				MACOSX_DEPLOYMENT_TARGET = 13.0;
				ONLY_ACTIVE_ARCH = YES;
				PRODUCT_BUNDLE_IDENTIFIER = com.nishith.chronoframe.ui-tests;
				PRODUCT_NAME = "$(TARGET_NAME)";
				SWIFT_VERSION = 6.0;
				TEST_TARGET_NAME = ChronoframeApp;
			};
			name = Debug;
		};
		AA0000000000000000000632 /* Release */ = {
			isa = XCBuildConfiguration;
			buildSettings = {
				CODE_SIGN_STYLE = Automatic;
				GENERATE_INFOPLIST_FILE = YES;
				LD_RUNPATH_SEARCH_PATHS = (
					"$(inherited)",
					"@executable_path/../Frameworks",
					"@loader_path/../Frameworks",
				);
				MACOSX_DEPLOYMENT_TARGET = 13.0;
				PRODUCT_BUNDLE_IDENTIFIER = com.nishith.chronoframe.ui-tests;
				PRODUCT_NAME = "$(TARGET_NAME)";
				SWIFT_VERSION = 6.0;
				TEST_TARGET_NAME = ChronoframeApp;
			};
			name = Release;
		};
/* End XCBuildConfiguration section */

/* Begin XCConfigurationList section */
		AA0000000000000000000501 /* Build configuration list for PBXProject "Chronoframe" */ = {
			isa = XCConfigurationList;
			buildConfigurations = (
				AA0000000000000000000601 /* Debug */,
				AA0000000000000000000602 /* Release */,
			);
			defaultConfigurationIsVisible = 0;
			defaultConfigurationName = Release;
		};
		AA0000000000000000000502 /* Build configuration list for PBXNativeTarget "ChronoframeApp" */ = {
			isa = XCConfigurationList;
			buildConfigurations = (
				AA0000000000000000000611 /* Debug */,
				AA0000000000000000000612 /* Release */,
			);
			defaultConfigurationIsVisible = 0;
			defaultConfigurationName = Release;
		};
		AA0000000000000000000503 /* Build configuration list for PBXNativeTarget "ChronoframeAppTests" */ = {
			isa = XCConfigurationList;
			buildConfigurations = (
				AA0000000000000000000621 /* Debug */,
				AA0000000000000000000622 /* Release */,
			);
			defaultConfigurationIsVisible = 0;
			defaultConfigurationName = Release;
		};
		AA0000000000000000000504 /* Build configuration list for PBXNativeTarget "ChronoframeUITests" */ = {
			isa = XCConfigurationList;
			buildConfigurations = (
				AA0000000000000000000631 /* Debug */,
				AA0000000000000000000632 /* Release */,
			);
			defaultConfigurationIsVisible = 0;
			defaultConfigurationName = Release;
		};
/* End XCConfigurationList section */
	};
	rootObject = AA0000000000000000000001 /* Project object */;
}
